
Microsoft Visual Studio Solution File, Format Version 12.00
Project("{FAE04EC0-301F-11D3-BF4B-00C04F79EFBC}") = "Exercise1", "Exercise1\Exercise1.csproj", "{FCFCDF87-E96E-4427-ADBC-B57C2F2844B3}"
EndProject
Project("{FAE04EC0-301F-11D3-BF4B-00C04F79EFBC}") = "Exercise2", "Exercise2\Exercise2.csproj", "{498006FC-C5DF-4CEB-8653-E7D51BACBF7A}"
EndProject
Global
	GlobalSection(SolutionConfigurationPlatforms) = preSolution
		Debug|Any CPU = Debug|Any CPU
		Release|Any CPU = Release|Any CPU
	EndGlobalSection
	GlobalSection(ProjectConfigurationPlatforms) = postSolution
		{FCFCDF87-E96E-4427-ADBC-B57C2F2844B3}.Debug|Any CPU.ActiveCfg = Debug|Any CPU
		{FCFCDF87-E96E-4427-ADBC-B57C2F2844B3}.Debug|Any CPU.Build.0 = Debug|Any CPU
		{FCFCDF87-E96E-4427-ADBC-B57C2F2844B3}.Release|Any CPU.ActiveCfg = Release|Any CPU
		{FCFCDF87-E96E-4427-ADBC-B57C2F2844B3}.Release|Any CPU.Build.0 = Release|Any CPU
		{498006FC-C5DF-4CEB-8653-E7D51BACBF7A}.Debug|Any CPU.ActiveCfg = Debug|Any CPU
		{498006FC-C5DF-4CEB-8653-E7D51BACBF7A}.Debug|Any CPU.Build.0 = Debug|Any CPU
		{498006FC-C5DF-4CEB-8653-E7D51BACBF7A}.Release|Any CPU.ActiveCfg = Release|Any CPU
		{498006FC-C5DF-4CEB-8653-E7D51BACBF7A}.Release|Any CPU.Build.0 = Release|Any CPU
	EndGlobalSection
EndGlobal
